{
  "requires": true,
  "lockfileVersion": 1,
  "dependencies": {
    "natural-gallery-js": {
      "version": "2.7.1",
      "resolved": "https://registry.npmjs.org/natural-gallery-js/-/natural-gallery-js-2.7.1.tgz",
      "integrity": "sha512-e9qqgWiFAakj/9l0F7LH+mMJwXYRV4xgUdOJax9VbmfWdMxeqWyi4SYLCiRuq8A1ywaCsTWd051djM2PW1xrDg==",
      "requires": {
        "photoswipe": "4.1.2"
      }
    },
    "photoswipe": {
      "version": "4.1.2",
      "resolved": "https://registry.npmjs.org/photoswipe/-/photoswipe-4.1.2.tgz",
      "integrity": "sha1-lcIKdc6iO3DWKZZBytguA8rn95c="
    }
  }
}
